// !$*UTF8*$!
{
	archiveVersion = 1;
	classes = {
	};
	objectVersion = 50;
	objects = {

/* Begin PBXBuildFile section */
		9698E5E022477C7F00EC8DB9 /* AppDelegate.swift in Sources */ = {isa = PBXBuildFile; fileRef = 9698E5DF22477C7F00EC8DB9 /* AppDelegate.swift */; };
		9698E5E222477C7F00EC8DB9 /* ViewController.swift in Sources */ = {isa = PBXBuildFile; fileRef = 9698E5E122477C7F00EC8DB9 /* ViewController.swift */; };
		9698E5E522477C7F00EC8DB9 /* Main.storyboard in Resources */ = {isa = PBXBuildFile; fileRef = 9698E5E322477C7F00EC8DB9 /* Main.storyboard */; };
		9698E5E722477C8000EC8DB9 /* Assets.xcassets in Resources */ = {isa = PBXBuildFile; fileRef = 9698E5E622477C8000EC8DB9 /* Assets.xcassets */; };
		9698E5EA22477C8000EC8DB9 /* LaunchScreen.storyboard in Resources */ = {isa = PBXBuildFile; fileRef = 9698E5E822477C8000EC8DB9 /* LaunchScreen.storyboard */; };
		9698E5F522477C8000EC8DB9 /* SimpleTests.swift in Sources */ = {isa = PBXBuildFile; fileRef = 9698E5F422477C8000EC8DB9 /* SimpleTests.swift */; };
		9698E60022477C8000EC8DB9 /* SimpleUITests.swift in Sources */ = {isa = PBXBuildFile; fileRef = 9698E5FF22477C8000EC8DB9 /* SimpleUITests.swift */; };
/* End PBXBuildFile section */

/* Begin PBXContainerItemProxy section */
		9698E5F122477C8000EC8DB9 /* PBXContainerItemProxy */ = {
			isa = PBXContainerItemProxy;
			containerPortal = 9698E5D422477C7F00EC8DB9 /* Project object */;
			proxyType = 1;
			remoteGlobalIDString = 9698E5DB22477C7F00EC8DB9;
			remoteInfo = Simple;
		};
		9698E5FC22477C8000EC8DB9 /* PBXContainerItemProxy */ = {
			isa = PBXContainerItemProxy;
			containerPortal = 9698E5D422477C7F00EC8DB9 /* Project object */;
			proxyType = 1;
			remoteGlobalIDString = 9698E5DB22477C7F00EC8DB9;
			remoteInfo = Simple;
		};
/* End PBXContainerItemProxy section */

/* Begin PBXFileReference section */
		9698E5DC22477C7F00EC8DB9 /* Simple.app */ = {isa = PBXFileReference; explicitFileType = wrapper.application; includeInIndex = 0; path = Simple.app; sourceTree = BUILT_PRODUCTS_DIR; };
		9698E5DF22477C7F00EC8DB9 /* AppDelegate.swift */ = {isa = PBXFileReference; lastKnownFileType = sourcecode.swift; path = AppDelegate.swift; sourceTree = "<group>"; };
		9698E5E122477C7F00EC8DB9 /* ViewController.swift */ = {isa = PBXFileReference; lastKnownFileType = sourcecode.swift; path = ViewController.swift; sourceTree = "<group>"; };
		9698E5E422477C7F00EC8DB9 /* Base */ = {isa = PBXFileReference; lastKnownFileType = file.storyboard; name = Base; path = Base.lproj/Main.storyboard; sourceTree = "<group>"; };
		9698E5E622477C8000EC8DB9 /* Assets.xcassets */ = {isa = PBXFileReference; lastKnownFileType = folder.assetcatalog; path = Assets.xcassets; sourceTree = "<group>"; };
		9698E5E922477C8000EC8DB9 /* Base */ = {isa = PBXFileReference; lastKnownFileType = file.storyboard; name = Base; path = Base.lproj/LaunchScreen.storyboard; sourceTree = "<group>"; };
		9698E5EB22477C8000EC8DB9 /* Info.plist */ = {isa = PBXFileReference; lastKnownFileType = text.plist.xml; path = Info.plist; sourceTree = "<group>"; };
		9698E5F022477C8000EC8DB9 /* SimpleTests.xctest */ = {isa = PBXFileReference; explicitFileType = wrapper.cfbundle; includeInIndex = 0; path = SimpleTests.xctest; sourceTree = BUILT_PRODUCTS_DIR; };
		9698E5F422477C8000EC8DB9 /* SimpleTests.swift */ = {isa = PBXFileReference; lastKnownFileType = sourcecode.swift; path = SimpleTests.swift; sourceTree = "<group>"; };
		9698E5F622477C8000EC8DB9 /* Info.plist */ = {isa = PBXFileReference; lastKnownFileType = text.plist.xml; path = Info.plist; sourceTree = "<group>"; };
		9698E5FB22477C8000EC8DB9 /* SimpleUITests.xctest */ = {isa = PBXFileReference; explicitFileType = wrapper.cfbundle; includeInIndex = 0; path = SimpleUITests.xctest; sourceTree = BUILT_PRODUCTS_DIR; };
		9698E5FF22477C8000EC8DB9 /* SimpleUITests.swift */ = {isa = PBXFileReference; lastKnownFileType = sourcecode.swift; path = SimpleUITests.swift; sourceTree = "<group>"; };
		9698E60122477C8000EC8DB9 /* Info.plist */ = {isa = PBXFileReference; lastKnownFileType = text.plist.xml; path = Info.plist; sourceTree = "<group>"; };
/* End PBXFileReference section */

/* Begin PBXFrameworksBuildPhase section */
		9698E5D922477C7F00EC8DB9 /* Frameworks */ = {
			isa = PBXFrameworksBuildPhase;
			buildActionMask = 2147483647;
			files = (
			);
			runOnlyForDeploymentPostprocessing = 0;
		};
		9698E5ED22477C8000EC8DB9 /* Frameworks */ = {
			isa = PBXFrameworksBuildPhase;
			buildActionMask = 2147483647;
			files = (
			);
			runOnlyForDeploymentPostprocessing = 0;
		};
		9698E5F822477C8000EC8DB9 /* Frameworks */ = {
			isa = PBXFrameworksBuildPhase;
			buildActionMask = 2147483647;
			files = (
			);
			runOnlyForDeploymentPostprocessing = 0;
		};
/* End PBXFrameworksBuildPhase section */

/* Begin PBXGroup section */
		9698E5D322477C7F00EC8DB9 = {
			isa = PBXGroup;
			children = (
				9698E5DE22477C7F00EC8DB9 /* Simple */,
				9698E5F322477C8000EC8DB9 /* SimpleTests */,
				9698E5FE22477C8000EC8DB9 /* SimpleUITests */,
				9698E5DD22477C7F00EC8DB9 /* Products */,
			);
			sourceTree = "<group>";
		};
		9698E5DD22477C7F00EC8DB9 /* Products */ = {
			isa = PBXGroup;
			children = (
				9698E5DC22477C7F00EC8DB9 /* Simple.app */,
				9698E5F022477C8000EC8DB9 /* SimpleTests.xctest */,
				9698E5FB22477C8000EC8DB9 /* SimpleUITests.xctest */,
			);
			name = Products;
			sourceTree = "<group>";
		};
		9698E5DE22477C7F00EC8DB9 /* Simple */ = {
			isa = PBXGroup;
			children = (
				9698E5DF22477C7F00EC8DB9 /* AppDelegate.swift */,
				9698E5E122477C7F00EC8DB9 /* ViewController.swift */,
				9698E5E322477C7F00EC8DB9 /* Main.storyboard */,
				9698E5E622477C8000EC8DB9 /* Assets.xcassets */,
				9698E5E822477C8000EC8DB9 /* LaunchScreen.storyboard */,
				9698E5EB22477C8000EC8DB9 /* Info.plist */,
			);
			path = Simple;
			sourceTree = "<group>";
		};
		9698E5F322477C8000EC8DB9 /* SimpleTests */ = {
			isa = PBXGroup;
			children = (
				9698E5F422477C8000EC8DB9 /* SimpleTests.swift */,
				9698E5F622477C8000EC8DB9 /* Info.plist */,
			);
			path = SimpleTests;
			sourceTree = "<group>";
		};
		9698E5FE22477C8000EC8DB9 /* SimpleUITests */ = {
			isa = PBXGroup;
			children = (
				9698E5FF22477C8000EC8DB9 /* SimpleUITests.swift */,
				9698E60122477C8000EC8DB9 /* Info.plist */,
			);
			path = SimpleUITests;
			sourceTree = "<group>";
		};
/* End PBXGroup section */

/* Begin PBXNativeTarget section */
		9698E5DB22477C7F00EC8DB9 /* Simple */ = {
			isa = PBXNativeTarget;
			buildConfigurationList = 9698E60422477C8000EC8DB9 /* Build configuration list for PBXNativeTarget "Simple" */;
			buildPhases = (
				9698E5D822477C7F00EC8DB9 /* Sources */,
				9698E5D922477C7F00EC8DB9 /* Frameworks */,
				9698E5DA22477C7F00EC8DB9 /* Resources */,
			);
			buildRules = (
			);
			dependencies = (
			);
			name = Simple;
			productName = Simple;
			productReference = 9698E5DC22477C7F00EC8DB9 /* Simple.app */;
			productType = "com.apple.product-type.application";
		};
		9698E5EF22477C8000EC8DB9 /* SimpleTests */ = {
			isa = PBXNativeTarget;
			buildConfigurationList = 9698E60722477C8000EC8DB9 /* Build configuration list for PBXNativeTarget "SimpleTests" */;
			buildPhases = (
				9698E5EC22477C8000EC8DB9 /* Sources */,
				9698E5ED22477C8000EC8DB9 /* Frameworks */,
				9698E5EE22477C8000EC8DB9 /* Resources */,
			);
			buildRules = (
			);
			dependencies = (
				9698E5F222477C8000EC8DB9 /* PBXTargetDependency */,
			);
			name = SimpleTests;
			productName = SimpleTests;
			productReference = 9698E5F022477C8000EC8DB9 /* SimpleTests.xctest */;
			productType = "com.apple.product-type.bundle.unit-test";
		};
		9698E5FA22477C8000EC8DB9 /* SimpleUITests */ = {
			isa = PBXNativeTarget;
			buildConfigurationList = 9698E60A22477C8000EC8DB9 /* Build configuration list for PBXNativeTarget "SimpleUITests" */;
			buildPhases = (
				9698E5F722477C8000EC8DB9 /* Sources */,
				9698E5F822477C8000EC8DB9 /* Frameworks */,
				9698E5F922477C8000EC8DB9 /* Resources */,
			);
			buildRules = (
			);
			dependencies = (
				9698E5FD22477C8000EC8DB9 /* PBXTargetDependency */,
			);
			name = SimpleUITests;
			productName = SimpleUITests;
			productReference = 9698E5FB22477C8000EC8DB9 /* SimpleUITests.xctest */;
			productType = "com.apple.product-type.bundle.ui-testing";
		};
/* End PBXNativeTarget section */

/* Begin PBXProject section */
		9698E5D422477C7F00EC8DB9 /* Project object */ = {
			isa = PBXProject;
			attributes = {
				LastSwiftUpdateCheck = 1010;
				LastUpgradeCheck = 1010;
				ORGANIZATIONNAME = "Eungwoo kim";
				TargetAttributes = {
					9698E5DB22477C7F00EC8DB9 = {
						CreatedOnToolsVersion = 10.1;
					};
					9698E5EF22477C8000EC8DB9 = {
						CreatedOnToolsVersion = 10.1;
						TestTargetID = 9698E5DB22477C7F00EC8DB9;
					};
					9698E5FA22477C8000EC8DB9 = {
						CreatedOnToolsVersion = 10.1;
						TestTargetID = 9698E5DB22477C7F00EC8DB9;
					};
				};
			};
			buildConfigurationList = 9698E5D722477C7F00EC8DB9 /* Build configuration list for PBXProject "Simple" */;
			compatibilityVersion = "Xcode 9.3";
			developmentRegion = en;
			hasScannedForEncodings = 0;
			knownRegions = (
				en,
				Base,
			);
			mainGroup = 9698E5D322477C7F00EC8DB9;
			productRefGroup = 9698E5DD22477C7F00EC8DB9 /* Products */;
			projectDirPath = "";
			projectRoot = "";
			targets = (
				9698E5DB22477C7F00EC8DB9 /* Simple */,
				9698E5EF22477C8000EC8DB9 /* SimpleTests */,
				9698E5FA22477C8000EC8DB9 /* SimpleUITests */,
			);
		};
/* End PBXProject section */

/* Begin PBXResourcesBuildPhase section */
		9698E5DA22477C7F00EC8DB9 /* Resources */ = {
			isa = PBXResourcesBuildPhase;
			buildActionMask = 2147483647;
			files = (
				9698E5EA22477C8000EC8DB9 /* LaunchScreen.storyboard in Resources */,
				9698E5E722477C8000EC8DB9 /* Assets.xcassets in Resources */,
				9698E5E522477C7F00EC8DB9 /* Main.storyboard in Resources */,
			);
			runOnlyForDeploymentPostprocessing = 0;
		};
		9698E5EE22477C8000EC8DB9 /* Resources */ = {
			isa = PBXResourcesBuildPhase;
			buildActionMask = 2147483647;
			files = (
			);
			runOnlyForDeploymentPostprocessing = 0;
		};
		9698E5F922477C8000EC8DB9 /* Resources */ = {
			isa = PBXResourcesBuildPhase;
			buildActionMask = 2147483647;
			files = (
			);
			runOnlyForDeploymentPostprocessing = 0;
		};
/* End PBXResourcesBuildPhase section */

/* Begin PBXSourcesBuildPhase section */
		9698E5D822477C7F00EC8DB9 /* Sources */ = {
			isa = PBXSourcesBuildPhase;
			buildActionMask = 2147483647;
			files = (
				9698E5E222477C7F00EC8DB9 /* ViewController.swift in Sources */,
				9698E5E022477C7F00EC8DB9 /* AppDelegate.swift in Sources */,
			);
			runOnlyForDeploymentPostprocessing = 0;
		};
		9698E5EC22477C8000EC8DB9 /* Sources */ = {
			isa = PBXSourcesBuildPhase;
			buildActionMask = 2147483647;
			files = (
				9698E5F522477C8000EC8DB9 /* SimpleTests.swift in Sources */,
			);
			runOnlyForDeploymentPostprocessing = 0;
		};
		9698E5F722477C8000EC8DB9 /* Sources */ = {
			isa = PBXSourcesBuildPhase;
			buildActionMask = 2147483647;
			files = (
				9698E60022477C8000EC8DB9 /* SimpleUITests.swift in Sources */,
			);
			runOnlyForDeploymentPostprocessing = 0;
		};
/* End PBXSourcesBuildPhase section */

/* Begin PBXTargetDependency section */
		9698E5F222477C8000EC8DB9 /* PBXTargetDependency */ = {
			isa = PBXTargetDependency;
			target = 9698E5DB22477C7F00EC8DB9 /* Simple */;
			targetProxy = 9698E5F122477C8000EC8DB9 /* PBXContainerItemProxy */;
		};
		9698E5FD22477C8000EC8DB9 /* PBXTargetDependency */ = {
			isa = PBXTargetDependency;
			target = 9698E5DB22477C7F00EC8DB9 /* Simple */;
			targetProxy = 9698E5FC22477C8000EC8DB9 /* PBXContainerItemProxy */;
		};
/* End PBXTargetDependency section */

/* Begin PBXVariantGroup section */
		9698E5E322477C7F00EC8DB9 /* Main.storyboard */ = {
			isa = PBXVariantGroup;
			children = (
				9698E5E422477C7F00EC8DB9 /* Base */,
			);
			name = Main.storyboard;
			sourceTree = "<group>";
		};
		9698E5E822477C8000EC8DB9 /* LaunchScreen.storyboard */ = {
			isa = PBXVariantGroup;
			children = (
				9698E5E922477C8000EC8DB9 /* Base */,
			);
			name = LaunchScreen.storyboard;
			sourceTree = "<group>";
		};
/* End PBXVariantGroup section */

/* Begin XCBuildConfiguration section */
		9698E60222477C8000EC8DB9 /* Debug */ = {
			isa = XCBuildConfiguration;
			buildSettings = {
				ALWAYS_SEARCH_USER_PATHS = NO;
				CLANG_ANALYZER_NONNULL = YES;
				CLANG_ANALYZER_NUMBER_OBJECT_CONVERSION = YES_AGGRESSIVE;
				CLANG_CXX_LANGUAGE_STANDARD = "gnu++14";
				CLANG_CXX_LIBRARY = "libc++";
				CLANG_ENABLE_MODULES = YES;
				CLANG_ENABLE_OBJC_ARC = YES;
				CLANG_ENABLE_OBJC_WEAK = YES;
				CLANG_WARN_BLOCK_CAPTURE_AUTORELEASING = YES;
				CLANG_WARN_BOOL_CONVERSION = YES;
				CLANG_WARN_COMMA = YES;
				CLANG_WARN_CONSTANT_CONVERSION = YES;
				CLANG_WARN_DEPRECATED_OBJC_IMPLEMENTATIONS = YES;
				CLANG_WARN_DIRECT_OBJC_ISA_USAGE = YES_ERROR;
				CLANG_WARN_DOCUMENTATION_COMMENTS = YES;
				CLANG_WARN_EMPTY_BODY = YES;
				CLANG_WARN_ENUM_CONVERSION = YES;
				CLANG_WARN_INFINITE_RECURSION = YES;
				CLANG_WARN_INT_CONVERSION = YES;
				CLANG_WARN_NON_LITERAL_NULL_CONVERSION = YES;
				CLANG_WARN_OBJC_IMPLICIT_RETAIN_SELF = YES;
				CLANG_WARN_OBJC_LITERAL_CONVERSION = YES;
				CLANG_WARN_OBJC_ROOT_CLASS = YES_ERROR;
				CLANG_WARN_RANGE_LOOP_ANALYSIS = YES;
				CLANG_WARN_STRICT_PROTOTYPES = YES;
				CLANG_WARN_SUSPICIOUS_MOVE = YES;
				CLANG_WARN_UNGUARDED_AVAILABILITY = YES_AGGRESSIVE;
				CLANG_WARN_UNREACHABLE_CODE = YES;
				CLANG_WARN__DUPLICATE_METHOD_MATCH = YES;
				CODE_SIGN_IDENTITY = "iPhone Developer";
				COPY_PHASE_STRIP = NO;
				DEBUG_INFORMATION_FORMAT = dwarf;
				ENABLE_STRICT_OBJC_MSGSEND = YES;
				ENABLE_TESTABILITY = YES;
				GCC_C_LANGUAGE_STANDARD = gnu11;
				GCC_DYNAMIC_NO_PIC = NO;
				GCC_NO_COMMON_BLOCKS = YES;
				GCC_OPTIMIZATION_LEVEL = 0;
				GCC_PREPROCESSOR_DEFINITIONS = (
					"DEBUG=1",
					"$(inherited)",
				);
				GCC_WARN_64_TO_32_BIT_CONVERSION = YES;
				GCC_WARN_ABOUT_RETURN_TYPE = YES_ERROR;
				GCC_WARN_UNDECLARED_SELECTOR = YES;
				GCC_WARN_UNINITIALIZED_AUTOS = YES_AGGRESSIVE;
				GCC_WARN_UNUSED_FUNCTION = YES;
				GCC_WARN_UNUSED_VARIABLE = YES;
				IPHONEOS_DEPLOYMENT_TARGET = 12.1;
				MTL_ENABLE_DEBUG_INFO = INCLUDE_SOURCE;
				MTL_FAST_MATH = YES;
				ONLY_ACTIVE_ARCH = YES;
				SDKROOT = iphoneos;
				SWIFT_ACTIVE_COMPILATION_CONDITIONS = DEBUG;
				SWIFT_OPTIMIZATION_LEVEL = "-Onone";
			};
			name = Debug;
		};
		9698E60322477C8000EC8DB9 /* Release */ = {
			isa = XCBuildConfiguration;
			buildSettings = {
				ALWAYS_SEARCH_USER_PATHS = NO;
				CLANG_ANALYZER_NONNULL = YES;
				CLANG_ANALYZER_NUMBER_OBJECT_CONVERSION = YES_AGGRESSIVE;
				CLANG_CXX_LANGUAGE_STANDARD = "gnu++14";
				CLANG_CXX_LIBRARY = "libc++";
				CLANG_ENABLE_MODULES = YES;
				CLANG_ENABLE_OBJC_ARC = YES;
				CLANG_ENABLE_OBJC_WEAK = YES;
				CLANG_WARN_BLOCK_CAPTURE_AUTORELEASING = YES;
				CLANG_WARN_BOOL_CONVERSION = YES;
				CLANG_WARN_COMMA = YES;
				CLANG_WARN_CONSTANT_CONVERSION = YES;
				CLANG_WARN_DEPRECATED_OBJC_IMPLEMENTATIONS = YES;
				CLANG_WARN_DIRECT_OBJC_ISA_USAGE = YES_ERROR;
				CLANG_WARN_DOCUMENTATION_COMMENTS = YES;
				CLANG_WARN_EMPTY_BODY = YES;
				CLANG_WARN_ENUM_CONVERSION = YES;
				CLANG_WARN_INFINITE_RECURSION = YES;
				CLANG_WARN_INT_CONVERSION = YES;
				CLANG_WARN_NON_LITERAL_NULL_CONVERSION = YES;
				CLANG_WARN_OBJC_IMPLICIT_RETAIN_SELF = YES;
				CLANG_WARN_OBJC_LITERAL_CONVERSION = YES;
				CLANG_WARN_OBJC_ROOT_CLASS = YES_ERROR;
				CLANG_WARN_RANGE_LOOP_ANALYSIS = YES;
				CLANG_WARN_STRICT_PROTOTYPES = YES;
				CLANG_WARN_SUSPICIOUS_MOVE = YES;
				CLANG_WARN_UNGUARDED_AVAILABILITY = YES_AGGRESSIVE;
				CLANG_WARN_UNREACHABLE_CODE = YES;
				CLANG_WARN__DUPLICATE_METHOD_MATCH = YES;
				CODE_SIGN_IDENTITY = "iPhone Developer";
				COPY_PHASE_STRIP = NO;
				DEBUG_INFORMATION_FORMAT = "dwarf-with-dsym";
				ENABLE_NS_ASSERTIONS = NO;
				ENABLE_STRICT_OBJC_MSGSEND = YES;
				GCC_C_LANGUAGE_STANDARD = gnu11;
				GCC_NO_COMMON_BLOCKS = YES;
				GCC_WARN_64_TO_32_BIT_CONVERSION = YES;
				GCC_WARN_ABOUT_RETURN_TYPE = YES_ERROR;
				GCC_WARN_UNDECLARED_SELECTOR = YES;
				GCC_WARN_UNINITIALIZED_AUTOS = YES_AGGRESSIVE;
				GCC_WARN_UNUSED_FUNCTION = YES;
				GCC_WARN_UNUSED_VARIABLE = YES;
				IPHONEOS_DEPLOYMENT_TARGET = 12.1;
				MTL_ENABLE_DEBUG_INFO = NO;
				MTL_FAST_MATH = YES;
				SDKROOT = iphoneos;
				SWIFT_COMPILATION_MODE = wholemodule;
				SWIFT_OPTIMIZATION_LEVEL = "-O";
				VALIDATE_PRODUCT = YES;
			};
			name = Release;
		};
		9698E60522477C8000EC8DB9 /* Debug */ = {
			isa = XCBuildConfiguration;
			buildSettings = {
				ASSETCATALOG_COMPILER_APPICON_NAME = AppIcon;
				CODE_SIGN_STYLE = Automatic;
				INFOPLIST_FILE = Simple/Info.plist;
				LD_RUNPATH_SEARCH_PATHS = (
					"$(inherited)",
					"@executable_path/Frameworks",
				);
				PRODUCT_BUNDLE_IDENTIFIER = com.Simple;
				PRODUCT_NAME = "$(TARGET_NAME)";
				SWIFT_VERSION = 4.2;
				TARGETED_DEVICE_FAMILY = "1,2";
			};
			name = Debug;
		};
		9698E60622477C8000EC8DB9 /* Release */ = {
			isa = XCBuildConfiguration;
			buildSettings = {
				ASSETCATALOG_COMPILER_APPICON_NAME = AppIcon;
				CODE_SIGN_STYLE = Automatic;
				INFOPLIST_FILE = Simple/Info.plist;
				LD_RUNPATH_SEARCH_PATHS = (
					"$(inherited)",
					"@executable_path/Frameworks",
				);
				PRODUCT_BUNDLE_IDENTIFIER = com.Simple;
				PRODUCT_NAME = "$(TARGET_NAME)";
				SWIFT_VERSION = 4.2;
				TARGETED_DEVICE_FAMILY = "1,2";
			};
			name = Release;
		};
		9698E60822477C8000EC8DB9 /* Debug */ = {
			isa = XCBuildConfiguration;
			buildSettings = {
				ALWAYS_EMBED_SWIFT_STANDARD_LIBRARIES = YES;
				BUNDLE_LOADER = "$(TEST_HOST)";
				CODE_SIGN_STYLE = Automatic;
				INFOPLIST_FILE = SimpleTests/Info.plist;
				LD_RUNPATH_SEARCH_PATHS = (
					"$(inherited)",
					"@executable_path/Frameworks",
					"@loader_path/Frameworks",
				);
				PRODUCT_BUNDLE_IDENTIFIER = com.SimpleTests;
				PRODUCT_NAME = "$(TARGET_NAME)";
				SWIFT_VERSION = 4.2;
				TARGETED_DEVICE_FAMILY = "1,2";
				TEST_HOST = "$(BUILT_PRODUCTS_DIR)/Simple.app/Simple";
			};
			name = Debug;
		};
		9698E60922477C8000EC8DB9 /* Release */ = {
			isa = XCBuildConfiguration;
			buildSettings = {
				ALWAYS_EMBED_SWIFT_STANDARD_LIBRARIES = YES;
				BUNDLE_LOADER = "$(TEST_HOST)";
				CODE_SIGN_STYLE = Automatic;
				INFOPLIST_FILE = SimpleTests/Info.plist;
				LD_RUNPATH_SEARCH_PATHS = (
					"$(inherited)",
					"@executable_path/Frameworks",
					"@loader_path/Frameworks",
				);
				PRODUCT_BUNDLE_IDENTIFIER = com.SimpleTests;
				PRODUCT_NAME = "$(TARGET_NAME)";
				SWIFT_VERSION = 4.2;
				TARGETED_DEVICE_FAMILY = "1,2";
				TEST_HOST = "$(BUILT_PRODUCTS_DIR)/Simple.app/Simple";
			};
			name = Release;
		};
		9698E60B22477C8000EC8DB9 /* Debug */ = {
			isa = XCBuildConfiguration;
			buildSettings = {
				ALWAYS_EMBED_SWIFT_STANDARD_LIBRARIES = YES;
				CODE_SIGN_STYLE = Automatic;
				INFOPLIST_FILE = SimpleUITests/Info.plist;
				LD_RUNPATH_SEARCH_PATHS = (
					"$(inherited)",
					"@executable_path/Frameworks",
					"@loader_path/Frameworks",
				);
				PRODUCT_BUNDLE_IDENTIFIER = com.SimpleUITests;
				PRODUCT_NAME = "$(TARGET_NAME)";
				SWIFT_VERSION = 4.2;
				TARGETED_DEVICE_FAMILY = "1,2";
				TEST_TARGET_NAME = Simple;
			};
			name = Debug;
		};
		9698E60C22477C8000EC8DB9 /* Release */ = {
			isa = XCBuildConfiguration;
			buildSettings = {
				ALWAYS_EMBED_SWIFT_STANDARD_LIBRARIES = YES;
				CODE_SIGN_STYLE = Automatic;
				INFOPLIST_FILE = SimpleUITests/Info.plist;
				LD_RUNPATH_SEARCH_PATHS = (
					"$(inherited)",
					"@executable_path/Frameworks",
					"@loader_path/Frameworks",
				);
				PRODUCT_BUNDLE_IDENTIFIER = com.SimpleUITests;
				PRODUCT_NAME = "$(TARGET_NAME)";
				SWIFT_VERSION = 4.2;
				TARGETED_DEVICE_FAMILY = "1,2";
				TEST_TARGET_NAME = Simple;
			};
			name = Release;
		};
/* End XCBuildConfiguration section */

/* Begin XCConfigurationList section */
		9698E5D722477C7F00EC8DB9 /* Build configuration list for PBXProject "Simple" */ = {
			isa = XCConfigurationList;
			buildConfigurations = (
				9698E60222477C8000EC8DB9 /* Debug */,
				9698E60322477C8000EC8DB9 /* Release */,
			);
			defaultConfigurationIsVisible = 0;
			defaultConfigurationName = Release;
		};
		9698E60422477C8000EC8DB9 /* Build configuration list for PBXNativeTarget "Simple" */ = {
			isa = XCConfigurationList;
			buildConfigurations = (
				9698E60522477C8000EC8DB9 /* Debug */,
				9698E60622477C8000EC8DB9 /* Release */,
			);
			defaultConfigurationIsVisible = 0;
			defaultConfigurationName = Release;
		};
		9698E60722477C8000EC8DB9 /* Build configuration list for PBXNativeTarget "SimpleTests" */ = {
			isa = XCConfigurationList;
			buildConfigurations = (
				9698E60822477C8000EC8DB9 /* Debug */,
				9698E60922477C8000EC8DB9 /* Release */,
			);
			defaultConfigurationIsVisible = 0;
			defaultConfigurationName = Release;
		};
		9698E60A22477C8000EC8DB9 /* Build configuration list for PBXNativeTarget "SimpleUITests" */ = {
			isa = XCConfigurationList;
			buildConfigurations = (
				9698E60B22477C8000EC8DB9 /* Debug */,
				9698E60C22477C8000EC8DB9 /* Release */,
			);
			defaultConfigurationIsVisible = 0;
			defaultConfigurationName = Release;
		};
/* End XCConfigurationList section */
	};
	rootObject = 9698E5D422477C7F00EC8DB9 /* Project object */;
}
